
Microsoft Visual Studio Solution File, Format Version 12.00
# Visual Studio Version 16
VisualStudioVersion = 16.0.31229.75
MinimumVisualStudioVersion = 10.0.40219.1
Project("{8BC9CEB8-8B4A-11D0-8D11-00A0C91BC942}") = "CUDA-RayTracer", "CUDA-RayTracer\CUDA-RayTracer.vcxproj", "{63904427-B4E6-4E0C-9AC5-11D68762DA18}"
EndProject
Global
	GlobalSection(SolutionConfigurationPlatforms) = preSolution
		Debug|x64 = Debug|x64
		Release|x64 = Release|x64
	EndGlobalSection
	GlobalSection(ProjectConfigurationPlatforms) = postSolution
		{63904427-B4E6-4E0C-9AC5-11D68762DA18}.Debug|x64.ActiveCfg = Debug|x64
		{63904427-B4E6-4E0C-9AC5-11D68762DA18}.Debug|x64.Build.0 = Debug|x64
		{63904427-B4E6-4E0C-9AC5-11D68762DA18}.Release|x64.ActiveCfg = Release|x64
		{63904427-B4E6-4E0C-9AC5-11D68762DA18}.Release|x64.Build.0 = Release|x64
	EndGlobalSection
	GlobalSection(SolutionProperties) = preSolution
		HideSolutionNode = FALSE
	EndGlobalSection
	GlobalSection(ExtensibilityGlobals) = postSolution
		SolutionGuid = {05AA5E7E-F7C4-446E-9A74-9CAA3527FF92}
	EndGlobalSection
EndGlobal
